
Microsoft Visual Studio Solution File, Format Version 12.00
# Visual Studio Version 17
VisualStudioVersion = 17.11.35327.3
MinimumVisualStudioVersion = 10.0.40219.1
Project("{FAE04EC0-301F-11D3-BF4B-00C04F79EFBC}") = "Лабораторная 3", "Лабораторная 3.csproj", "{A8C96104-149F-4FF6-87B9-0CA5488E82BB}"
EndProject
Global
	GlobalSection(SolutionConfigurationPlatforms) = preSolution
		Debug|Any CPU = Debug|Any CPU
		Release|Any CPU = Release|Any CPU
	EndGlobalSection
	GlobalSection(ProjectConfigurationPlatforms) = postSolution
		{A8C96104-149F-4FF6-87B9-0CA5488E82BB}.Debug|Any CPU.ActiveCfg = Debug|Any CPU
		{A8C96104-149F-4FF6-87B9-0CA5488E82BB}.Debug|Any CPU.Build.0 = Debug|Any CPU
		{A8C96104-149F-4FF6-87B9-0CA5488E82BB}.Release|Any CPU.ActiveCfg = Release|Any CPU
		{A8C96104-149F-4FF6-87B9-0CA5488E82BB}.Release|Any CPU.Build.0 = Release|Any CPU
	EndGlobalSection
	GlobalSection(SolutionProperties) = preSolution
		HideSolutionNode = FALSE
	EndGlobalSection
	GlobalSection(ExtensibilityGlobals) = postSolution
		SolutionGuid = {3157368C-378F-46F4-B33A-67F642A808A2}
	EndGlobalSection
EndGlobal
